{
  "name": "runway-backend",
  "version": "1.0.0",
  "lockfileVersion": 1,
  "requires": true,
  "dependencies": {
    "node-fetch": {
      "version": "2.6.7",
      "resolved": "https://registry.npmjs.org/node-fetch/-/node-fetch-2.6.7.tgz",
      "integrity": "sha512-0uZ8uQe7WvyaManIeZDV4SSQdlqzTeWY5Avzk1l3pNGdisz8Iky3Uczdlz7YT1NxkB4ezgmO6K1JrVNwW8yYKw=="
    }
  }
}
